{
    "_readme": [
        "This file locks the dependencies of your project to a known state",
        "Read more about it at https://getcomposer.org/doc/01-basic-usage.md#composer-lock-the-lock-file",
        "This file is @generated automatically"
    ],
    "hash": "f39362144a1f8918a62bab44978af089",
    "content-hash": "ac3aa58fc700919b8729a20472807110",
    "packages": [],
    "packages-dev": [
        {
            "name": "glenscott/soundcloud",
            "version": "dev-psr-4",
            "source": {
                "type": "git",
                "url": "https://github.com/mptre/php-soundcloud",
                "reference": "5b3a5035db10b735e19252690c4dc147b31a7c9a"
            },
            "require": {
                "lib-curl": "*",
                "php": ">=5.3.0"
            },
            "require-dev": {
                "phpunit/phpunit": "4.0.*"
            },
            "type": "library",
            "autoload": {
                "psr-4": {
                    "SoundCloud\\": "src"
                }
            },
            "license": [
                "MIT"
            ],
            "authors": [
                {
                    "name": "Anton Lindqvist",
                    "email": "anton@qvister.se"
                },
                {
                    "name": "Glen Scott",
                    "email": "glen@glenscott.co.uk"
                }
            ],
            "description": "SoundCloud API Wrapper",
            "keywords": [
                "soundcloud"
            ],
            "time": "2015-07-08 18:57:51"
        },
        {
            "name": "mikey179/vfsStream",
            "version": "v1.1.0",
            "source": {
                "type": "git",
                "url": "https://github.com/mikey179/vfsStream.git",
                "reference": "fc0fe8f4d0b527254a2dc45f0c265567c881d07e"
            },
            "dist": {
                "type": "zip",
                "url": "https://api.github.com/repos/mikey179/vfsStream/zipball/fc0fe8f4d0b527254a2dc45f0c265567c881d07e",
                "reference": "fc0fe8f4d0b527254a2dc45f0c265567c881d07e",
                "shasum": ""
            },
            "require": {
                "php": ">=5.3.0"
            },
            "type": "library",
            "autoload": {
                "psr-0": {
                    "org\\bovigo\\vfs": "src/main/php"
                }
            },
            "notification-url": "https://packagist.org/downloads/",
            "license": [
                "BSD"
            ],
            "homepage": "http://vfs.bovigo.org/",
            "time": "2012-08-25 12:49:29"
        }
    ],
    "aliases": [],
    "minimum-stability": "stable",
    "stability-flags": {
        "glenscott/soundcloud": 20
    },
    "prefer-stable": false,
    "prefer-lowest": false,
    "platform": {
        "php": ">=5.2.4"
    },
    "platform-dev": []
}
